
Microsoft Visual Studio Solution File, Format Version 12.00
# Visual Studio 15
VisualStudioVersion = 15.0.28307.168
MinimumVisualStudioVersion = 10.0.40219.1
Project("{FAE04EC0-301F-11D3-BF4B-00C04F79EFBC}") = "WebDevProject", "WebDevProject\WebDevProject.csproj", "{ACE16950-D15E-4202-8850-776F9983DCF5}"
EndProject
Project("{FAE04EC0-301F-11D3-BF4B-00C04F79EFBC}") = "WebDevProject.Tests", "WebDevProject.Tests\WebDevProject.Tests.csproj", "{EC0D085F-008E-43F7-B928-E3D76E81E05C}"
EndProject
Global
	GlobalSection(SolutionConfigurationPlatforms) = preSolution
		Debug|Any CPU = Debug|Any CPU
		Release|Any CPU = Release|Any CPU
	EndGlobalSection
	GlobalSection(ProjectConfigurationPlatforms) = postSolution
		{ACE16950-D15E-4202-8850-776F9983DCF5}.Debug|Any CPU.ActiveCfg = Debug|Any CPU
		{ACE16950-D15E-4202-8850-776F9983DCF5}.Debug|Any CPU.Build.0 = Debug|Any CPU
		{ACE16950-D15E-4202-8850-776F9983DCF5}.Release|Any CPU.ActiveCfg = Release|Any CPU
		{ACE16950-D15E-4202-8850-776F9983DCF5}.Release|Any CPU.Build.0 = Release|Any CPU
		{EC0D085F-008E-43F7-B928-E3D76E81E05C}.Debug|Any CPU.ActiveCfg = Debug|Any CPU
		{EC0D085F-008E-43F7-B928-E3D76E81E05C}.Debug|Any CPU.Build.0 = Debug|Any CPU
		{EC0D085F-008E-43F7-B928-E3D76E81E05C}.Release|Any CPU.ActiveCfg = Release|Any CPU
		{EC0D085F-008E-43F7-B928-E3D76E81E05C}.Release|Any CPU.Build.0 = Release|Any CPU
	EndGlobalSection
	GlobalSection(SolutionProperties) = preSolution
		HideSolutionNode = FALSE
	EndGlobalSection
	GlobalSection(ExtensibilityGlobals) = postSolution
		SolutionGuid = {35973B68-495E-4679-9E9C-2AC8226384EB}
	EndGlobalSection
EndGlobal
